{
  "lockfileVersion": 1,
  "configVersion": 1,
  "workspaces": {
    "": {
      "name": "boxlite-test",
      "dependencies": {
        "@boxlite-ai/boxlite": "latest",
      },
    },
  },
  "packages": {
    "@boxlite-ai/boxlite": ["@boxlite-ai/boxlite@0.8.2", "", { "optionalDependencies": { "@boxlite-ai/boxlite-darwin-arm64": "0.8.2", "@boxlite-ai/boxlite-linux-arm64-gnu": "0.8.2", "@boxlite-ai/boxlite-linux-x64-gnu": "0.8.2" }, "peerDependencies": { "playwright-core": ">=1.58.0" }, "optionalPeers": ["playwright-core"] }, "sha512-PvoTMjOwZWPnseW7WINoIYctIQQB6XlQJTvCut9dWlNmQ2hKVGCX3gX1GruO93SNCv+yai005i23BomtKEQxEw=="],

    "@boxlite-ai/boxlite-darwin-arm64": ["@boxlite-ai/boxlite-darwin-arm64@0.8.2", "", { "os": "darwin", "cpu": "arm64" }, "sha512-KQouvxoMiu/DrTVwIzsVGLMYE3P2BsBbecvMTll7iiL3JEqgRzECmtmy8t6NmucN08P+QrAnZGGxVFp73qoHyA=="],

    "@boxlite-ai/boxlite-linux-arm64-gnu": ["@boxlite-ai/boxlite-linux-arm64-gnu@0.8.2", "", { "os": "linux", "cpu": "arm64" }, "sha512-x/VR5JtGj3Z8LCo+rPeaHUfpCztKMcYt0GnFpq+OwrH0WIZj7P5Rz98INmF8aaX7CoJmA+livT1cwJuOZwaQ0w=="],

    "@boxlite-ai/boxlite-linux-x64-gnu": ["@boxlite-ai/boxlite-linux-x64-gnu@0.8.2", "", { "os": "linux", "cpu": "x64" }, "sha512-xTZNgHGlsBrhXlPy/BuoCVKefIs3kZcBMUXBMehk7WzMXNSz8nnNjAz2wr7IuR1qwNrqTn9S+08dDpCmKvuJNg=="],
  }
}
