{
  "name": "boxlite-test",
  "version": "1.0.0",
  "lockfileVersion": 3,
  "requires": true,
  "packages": {
    "": {
      "name": "boxlite-test",
      "version": "1.0.0",
      "dependencies": {
        "@boxlite-ai/boxlite": "latest"
      }
    },
    "node_modules/@boxlite-ai/boxlite": {
      "version": "0.8.2",
      "resolved": "https://registry.npmjs.org/@boxlite-ai/boxlite/-/boxlite-0.8.2.tgz",
      "integrity": "sha512-PvoTMjOwZWPnseW7WINoIYctIQQB6XlQJTvCut9dWlNmQ2hKVGCX3gX1GruO93SNCv+yai005i23BomtKEQxEw==",
      "license": "Apache-2.0",
      "workspaces": [
        "npm/*"
      ],
      "engines": {
        "node": ">=18.0.0"
      },
      "optionalDependencies": {
        "@boxlite-ai/boxlite-darwin-arm64": "0.8.2",
        "@boxlite-ai/boxlite-linux-arm64-gnu": "0.8.2",
        "@boxlite-ai/boxlite-linux-x64-gnu": "0.8.2"
      },
      "peerDependencies": {
        "playwright-core": ">=1.58.0"
      },
      "peerDependenciesMeta": {
        "playwright-core": {
          "optional": true
        }
      }
    },
    "node_modules/@boxlite-ai/boxlite-darwin-arm64": {
      "version": "0.8.2",
      "resolved": "https://registry.npmjs.org/@boxlite-ai/boxlite-darwin-arm64/-/boxlite-darwin-arm64-0.8.2.tgz",
      "integrity": "sha512-KQouvxoMiu/DrTVwIzsVGLMYE3P2BsBbecvMTll7iiL3JEqgRzECmtmy8t6NmucN08P+QrAnZGGxVFp73qoHyA==",
      "cpu": [
        "arm64"
      ],
      "license": "Apache-2.0",
      "optional": true,
      "os": [
        "darwin"
      ],
      "engines": {
        "node": ">=18.0.0"
      }
    },
    "node_modules/@boxlite-ai/boxlite-linux-arm64-gnu": {
      "version": "0.8.2",
      "resolved": "https://registry.npmjs.org/@boxlite-ai/boxlite-linux-arm64-gnu/-/boxlite-linux-arm64-gnu-0.8.2.tgz",
      "integrity": "sha512-x/VR5JtGj3Z8LCo+rPeaHUfpCztKMcYt0GnFpq+OwrH0WIZj7P5Rz98INmF8aaX7CoJmA+livT1cwJuOZwaQ0w==",
      "cpu": [
        "arm64"
      ],
      "license": "Apache-2.0",
      "optional": true,
      "os": [
        "linux"
      ],
      "engines": {
        "node": ">=18.0.0"
      }
    },
    "node_modules/@boxlite-ai/boxlite-linux-x64-gnu": {
      "version": "0.8.2",
      "resolved": "https://registry.npmjs.org/@boxlite-ai/boxlite-linux-x64-gnu/-/boxlite-linux-x64-gnu-0.8.2.tgz",
      "integrity": "sha512-xTZNgHGlsBrhXlPy/BuoCVKefIs3kZcBMUXBMehk7WzMXNSz8nnNjAz2wr7IuR1qwNrqTn9S+08dDpCmKvuJNg==",
      "cpu": [
        "x64"
      ],
      "license": "Apache-2.0",
      "optional": true,
      "os": [
        "linux"
      ],
      "engines": {
        "node": ">=18.0.0"
      }
    }
  }
}
