lockfileVersion: '9.0'

settings:
  autoInstallPeers: true
  excludeLinksFromLockfile: false

importers:

  .:
    dependencies:
      '@boxlite-ai/boxlite':
        specifier: latest
        version: 0.8.2

packages:

  '@boxlite-ai/boxlite-darwin-arm64@0.8.2':
    resolution: {integrity: sha512-KQouvxoMiu/DrTVwIzsVGLMYE3P2BsBbecvMTll7iiL3JEqgRzECmtmy8t6NmucN08P+QrAnZGGxVFp73qoHyA==}
    engines: {node: '>=18.0.0'}
    cpu: [arm64]
    os: [darwin]

  '@boxlite-ai/boxlite-linux-arm64-gnu@0.8.2':
    resolution: {integrity: sha512-x/VR5JtGj3Z8LCo+rPeaHUfpCztKMcYt0GnFpq+OwrH0WIZj7P5Rz98INmF8aaX7CoJmA+livT1cwJuOZwaQ0w==}
    engines: {node: '>=18.0.0'}
    cpu: [arm64]
    os: [linux]
    libc: [glibc]

  '@boxlite-ai/boxlite-linux-x64-gnu@0.8.2':
    resolution: {integrity: sha512-xTZNgHGlsBrhXlPy/BuoCVKefIs3kZcBMUXBMehk7WzMXNSz8nnNjAz2wr7IuR1qwNrqTn9S+08dDpCmKvuJNg==}
    engines: {node: '>=18.0.0'}
    cpu: [x64]
    os: [linux]
    libc: [glibc]

  '@boxlite-ai/boxlite@0.8.2':
    resolution: {integrity: sha512-PvoTMjOwZWPnseW7WINoIYctIQQB6XlQJTvCut9dWlNmQ2hKVGCX3gX1GruO93SNCv+yai005i23BomtKEQxEw==}
    engines: {node: '>=18.0.0'}
    peerDependencies:
      playwright-core: '>=1.58.0'
    peerDependenciesMeta:
      playwright-core:
        optional: true

snapshots:

  '@boxlite-ai/boxlite-darwin-arm64@0.8.2':
    optional: true

  '@boxlite-ai/boxlite-linux-arm64-gnu@0.8.2':
    optional: true

  '@boxlite-ai/boxlite-linux-x64-gnu@0.8.2':
    optional: true

  '@boxlite-ai/boxlite@0.8.2':
    optionalDependencies:
      '@boxlite-ai/boxlite-darwin-arm64': 0.8.2
      '@boxlite-ai/boxlite-linux-arm64-gnu': 0.8.2
      '@boxlite-ai/boxlite-linux-x64-gnu': 0.8.2
